
Microsoft Visual Studio Solution File, Format Version 11.00
# Visual Studio 2010
Project("{FAE04EC0-301F-11D3-BF4B-00C04F79EFBC}") = "MathBox Adventure(MBA)4.0", "Assembly-CSharp.csproj", "{0B38C3DD-E771-20B2-76B0-93D88DEDA237}"
EndProject
Global
	GlobalSection(SolutionConfigurationPlatforms) = preSolution
		Debug|Any CPU = Debug|Any CPU
		Release|Any CPU = Release|Any CPU
	EndGlobalSection
	GlobalSection(ProjectConfigurationPlatforms) = postSolution
		{0B38C3DD-E771-20B2-76B0-93D88DEDA237}.Debug|Any CPU.ActiveCfg = Debug|Any CPU
		{0B38C3DD-E771-20B2-76B0-93D88DEDA237}.Debug|Any CPU.Build.0 = Debug|Any CPU
		{0B38C3DD-E771-20B2-76B0-93D88DEDA237}.Release|Any CPU.ActiveCfg = Release|Any CPU
		{0B38C3DD-E771-20B2-76B0-93D88DEDA237}.Release|Any CPU.Build.0 = Release|Any CPU
	EndGlobalSection
	GlobalSection(SolutionProperties) = preSolution
		HideSolutionNode = FALSE
	EndGlobalSection
	GlobalSection(MonoDevelopProperties) = preSolution
		StartupItem = Assembly-CSharp.csproj
	EndGlobalSection
EndGlobal
